// !$*UTF8*$!
{
	archiveVersion = 1;
	classes = {
	};
	objectVersion = 56;
	objects = {

/* Begin PBXBuildFile section */
		4E11C3302A97982B00E8021A /* AppDelegate.swift in Sources */ = {isa = PBXBuildFile; fileRef = 4E11C32F2A97982B00E8021A /* AppDelegate.swift */; };
		4E11C3322A97982B00E8021A /* SceneDelegate.swift in Sources */ = {isa = PBXBuildFile; fileRef = 4E11C3312A97982B00E8021A /* SceneDelegate.swift */; };
		4E11C3392A97982C00E8021A /* Assets.xcassets in Resources */ = {isa = PBXBuildFile; fileRef = 4E11C3382A97982C00E8021A /* Assets.xcassets */; };
		4E11C33C2A97982C00E8021A /* LaunchScreen.storyboard in Resources */ = {isa = PBXBuildFile; fileRef = 4E11C33A2A97982C00E8021A /* LaunchScreen.storyboard */; };
		4E11C3472A979B6700E8021A /* HTTP.swift in Sources */ = {isa = PBXBuildFile; fileRef = 4E11C3462A979B6700E8021A /* HTTP.swift */; };
		4E5223142A9F86DA00901889 /* MainPageCollectionView.swift in Sources */ = {isa = PBXBuildFile; fileRef = 4E5223132A9F86DA00901889 /* MainPageCollectionView.swift */; };
		4E5223172A9FA2D900901889 /* AssetStore.swift in Sources */ = {isa = PBXBuildFile; fileRef = 4E5223162A9FA2D900901889 /* AssetStore.swift */; };
		4E52231A2A9FAD0100901889 /* Asset.swift in Sources */ = {isa = PBXBuildFile; fileRef = 4E5223192A9FAD0100901889 /* Asset.swift */; };
		4E5223202A9FB3D200901889 /* InMemoryCache.swift in Sources */ = {isa = PBXBuildFile; fileRef = 4E52231F2A9FB3D200901889 /* InMemoryCache.swift */; };
		4E5223222A9FD94C00901889 /* ModelStore.swift in Sources */ = {isa = PBXBuildFile; fileRef = 4E5223212A9FD94C00901889 /* ModelStore.swift */; };
		4E5223252A9FDFE200901889 /* LoaderView.swift in Sources */ = {isa = PBXBuildFile; fileRef = 4E5223242A9FDFE200901889 /* LoaderView.swift */; };
		4E5223282A9FE37C00901889 /* AppDependencyContainer.swift in Sources */ = {isa = PBXBuildFile; fileRef = 4E5223272A9FE37C00901889 /* AppDependencyContainer.swift */; };
		4E52232A2A9FE7F300901889 /* MainPageViewModel.swift in Sources */ = {isa = PBXBuildFile; fileRef = 4E5223292A9FE7F300901889 /* MainPageViewModel.swift */; };
		4E52232E2A9FF0EE00901889 /* ItemDetailViewModel.swift in Sources */ = {isa = PBXBuildFile; fileRef = 4E52232D2A9FF0EE00901889 /* ItemDetailViewModel.swift */; };
		4E5223302A9FF18F00901889 /* Coordinator.swift in Sources */ = {isa = PBXBuildFile; fileRef = 4E52232F2A9FF18F00901889 /* Coordinator.swift */; };
		4E6D8FB72A979C290008DD8A /* NetworkManager.swift in Sources */ = {isa = PBXBuildFile; fileRef = 4E6D8FB62A979C290008DD8A /* NetworkManager.swift */; };
		4E6D8FBD2A979FDB0008DD8A /* Network.swift in Sources */ = {isa = PBXBuildFile; fileRef = 4E6D8FBC2A979FDB0008DD8A /* Network.swift */; };
		4E6D8FBF2A979FE90008DD8A /* Request.swift in Sources */ = {isa = PBXBuildFile; fileRef = 4E6D8FBE2A979FE90008DD8A /* Request.swift */; };
		4E6D8FC12A97A00E0008DD8A /* NetworkError.swift in Sources */ = {isa = PBXBuildFile; fileRef = 4E6D8FC02A97A00E0008DD8A /* NetworkError.swift */; };
		4E6D8FC52A98C3EA0008DD8A /* ResponseDataParser.swift in Sources */ = {isa = PBXBuildFile; fileRef = 4E6D8FC42A98C3EA0008DD8A /* ResponseDataParser.swift */; };
		4E6D8FC82A98CC530008DD8A /* GoodsRequest.swift in Sources */ = {isa = PBXBuildFile; fileRef = 4E6D8FC72A98CC530008DD8A /* GoodsRequest.swift */; };
		4E6D8FD22A9A4D440008DD8A /* Advertisement.swift in Sources */ = {isa = PBXBuildFile; fileRef = 4E6D8FD12A9A4D440008DD8A /* Advertisement.swift */; };
		4E6D8FD52A9BA0660008DD8A /* ItemDetails.swift in Sources */ = {isa = PBXBuildFile; fileRef = 4E6D8FD42A9BA0660008DD8A /* ItemDetails.swift */; };
		4E6D8FDA2A9BA24E0008DD8A /* MainPageResponse.swift in Sources */ = {isa = PBXBuildFile; fileRef = 4E6D8FD92A9BA24E0008DD8A /* MainPageResponse.swift */; };
		4E6D8FE02A9BBAA10008DD8A /* ItemCell.swift in Sources */ = {isa = PBXBuildFile; fileRef = 4E6D8FDF2A9BBAA10008DD8A /* ItemCell.swift */; };
		4E6D90052A9D082A0008DD8A /* MainPageService.swift in Sources */ = {isa = PBXBuildFile; fileRef = 4E6D90042A9D082A0008DD8A /* MainPageService.swift */; };
		4E6D90092A9D1C530008DD8A /* MainPageViewController.swift in Sources */ = {isa = PBXBuildFile; fileRef = 4E6D90082A9D1C530008DD8A /* MainPageViewController.swift */; };
		4E6D900B2A9D1F320008DD8A /* ReuseIdetifier.swift in Sources */ = {isa = PBXBuildFile; fileRef = 4E6D900A2A9D1F320008DD8A /* ReuseIdetifier.swift */; };
		4E6D900D2A9D22180008DD8A /* UICollectionView+.swift in Sources */ = {isa = PBXBuildFile; fileRef = 4E6D900C2A9D22180008DD8A /* UICollectionView+.swift */; };
		4E6D90162A9E4F8A0008DD8A /* ItemDetailsFetcherService.swift in Sources */ = {isa = PBXBuildFile; fileRef = 4E6D90152A9E4F8A0008DD8A /* ItemDetailsFetcherService.swift */; };
		4E6D90182A9E52550008DD8A /* ItemDetailsViewController.swift in Sources */ = {isa = PBXBuildFile; fileRef = 4E6D90172A9E52550008DD8A /* ItemDetailsViewController.swift */; };
		4E6D901A2A9E577F0008DD8A /* ItemDetailsRootView.swift in Sources */ = {isa = PBXBuildFile; fileRef = 4E6D90192A9E577F0008DD8A /* ItemDetailsRootView.swift */; };
		4E6D901D2A9E5A360008DD8A /* ItemDetailsScrollView.swift in Sources */ = {isa = PBXBuildFile; fileRef = 4E6D901C2A9E5A360008DD8A /* ItemDetailsScrollView.swift */; };
		4E6D901F2A9E5B1F0008DD8A /* UILabelFactory.swift in Sources */ = {isa = PBXBuildFile; fileRef = 4E6D901E2A9E5B1F0008DD8A /* UILabelFactory.swift */; };
		4E6D90232A9E68980008DD8A /* UIView+.swift in Sources */ = {isa = PBXBuildFile; fileRef = 4E6D90222A9E68980008DD8A /* UIView+.swift */; };
		4E6D90252A9F590E0008DD8A /* String+.swift in Sources */ = {isa = PBXBuildFile; fileRef = 4E6D90242A9F590E0008DD8A /* String+.swift */; };
		4E6D90292A9F60960008DD8A /* TitleAndBodyViewContainer.swift in Sources */ = {isa = PBXBuildFile; fileRef = 4E6D90282A9F60960008DD8A /* TitleAndBodyViewContainer.swift */; };
/* End PBXBuildFile section */

/* Begin PBXFileReference section */
		4E11C32C2A97982B00E8021A /* avito_goods.app */ = {isa = PBXFileReference; explicitFileType = wrapper.application; includeInIndex = 0; path = avito_goods.app; sourceTree = BUILT_PRODUCTS_DIR; };
		4E11C32F2A97982B00E8021A /* AppDelegate.swift */ = {isa = PBXFileReference; lastKnownFileType = sourcecode.swift; path = AppDelegate.swift; sourceTree = "<group>"; };
		4E11C3312A97982B00E8021A /* SceneDelegate.swift */ = {isa = PBXFileReference; lastKnownFileType = sourcecode.swift; path = SceneDelegate.swift; sourceTree = "<group>"; };
		4E11C3382A97982C00E8021A /* Assets.xcassets */ = {isa = PBXFileReference; lastKnownFileType = folder.assetcatalog; path = Assets.xcassets; sourceTree = "<group>"; };
		4E11C33B2A97982C00E8021A /* Base */ = {isa = PBXFileReference; lastKnownFileType = file.storyboard; name = Base; path = Base.lproj/LaunchScreen.storyboard; sourceTree = "<group>"; };
		4E11C33D2A97982C00E8021A /* Info.plist */ = {isa = PBXFileReference; lastKnownFileType = text.plist.xml; path = Info.plist; sourceTree = "<group>"; };
		4E11C3462A979B6700E8021A /* HTTP.swift */ = {isa = PBXFileReference; lastKnownFileType = sourcecode.swift; path = HTTP.swift; sourceTree = "<group>"; };
		4E5223132A9F86DA00901889 /* MainPageCollectionView.swift */ = {isa = PBXFileReference; lastKnownFileType = sourcecode.swift; path = MainPageCollectionView.swift; sourceTree = "<group>"; };
		4E5223162A9FA2D900901889 /* AssetStore.swift */ = {isa = PBXFileReference; lastKnownFileType = sourcecode.swift; path = AssetStore.swift; sourceTree = "<group>"; };
		4E5223192A9FAD0100901889 /* Asset.swift */ = {isa = PBXFileReference; lastKnownFileType = sourcecode.swift; path = Asset.swift; sourceTree = "<group>"; };
		4E52231F2A9FB3D200901889 /* InMemoryCache.swift */ = {isa = PBXFileReference; lastKnownFileType = sourcecode.swift; path = InMemoryCache.swift; sourceTree = "<group>"; };
		4E5223212A9FD94C00901889 /* ModelStore.swift */ = {isa = PBXFileReference; lastKnownFileType = sourcecode.swift; path = ModelStore.swift; sourceTree = "<group>"; };
		4E5223242A9FDFE200901889 /* LoaderView.swift */ = {isa = PBXFileReference; lastKnownFileType = sourcecode.swift; path = LoaderView.swift; sourceTree = "<group>"; };
		4E5223272A9FE37C00901889 /* AppDependencyContainer.swift */ = {isa = PBXFileReference; lastKnownFileType = sourcecode.swift; path = AppDependencyContainer.swift; sourceTree = "<group>"; };
		4E5223292A9FE7F300901889 /* MainPageViewModel.swift */ = {isa = PBXFileReference; lastKnownFileType = sourcecode.swift; path = MainPageViewModel.swift; sourceTree = "<group>"; };
		4E52232D2A9FF0EE00901889 /* ItemDetailViewModel.swift */ = {isa = PBXFileReference; lastKnownFileType = sourcecode.swift; path = ItemDetailViewModel.swift; sourceTree = "<group>"; };
		4E52232F2A9FF18F00901889 /* Coordinator.swift */ = {isa = PBXFileReference; lastKnownFileType = sourcecode.swift; path = Coordinator.swift; sourceTree = "<group>"; };
		4E6D8FB62A979C290008DD8A /* NetworkManager.swift */ = {isa = PBXFileReference; lastKnownFileType = sourcecode.swift; path = NetworkManager.swift; sourceTree = "<group>"; };
		4E6D8FBC2A979FDB0008DD8A /* Network.swift */ = {isa = PBXFileReference; lastKnownFileType = sourcecode.swift; path = Network.swift; sourceTree = "<group>"; };
		4E6D8FBE2A979FE90008DD8A /* Request.swift */ = {isa = PBXFileReference; lastKnownFileType = sourcecode.swift; path = Request.swift; sourceTree = "<group>"; };
		4E6D8FC02A97A00E0008DD8A /* NetworkError.swift */ = {isa = PBXFileReference; lastKnownFileType = sourcecode.swift; path = NetworkError.swift; sourceTree = "<group>"; };
		4E6D8FC42A98C3EA0008DD8A /* ResponseDataParser.swift */ = {isa = PBXFileReference; lastKnownFileType = sourcecode.swift; path = ResponseDataParser.swift; sourceTree = "<group>"; };
		4E6D8FC72A98CC530008DD8A /* GoodsRequest.swift */ = {isa = PBXFileReference; lastKnownFileType = sourcecode.swift; path = GoodsRequest.swift; sourceTree = "<group>"; };
		4E6D8FD12A9A4D440008DD8A /* Advertisement.swift */ = {isa = PBXFileReference; lastKnownFileType = sourcecode.swift; path = Advertisement.swift; sourceTree = "<group>"; };
		4E6D8FD42A9BA0660008DD8A /* ItemDetails.swift */ = {isa = PBXFileReference; lastKnownFileType = sourcecode.swift; path = ItemDetails.swift; sourceTree = "<group>"; };
		4E6D8FD92A9BA24E0008DD8A /* MainPageResponse.swift */ = {isa = PBXFileReference; lastKnownFileType = sourcecode.swift; path = MainPageResponse.swift; sourceTree = "<group>"; };
		4E6D8FDF2A9BBAA10008DD8A /* ItemCell.swift */ = {isa = PBXFileReference; lastKnownFileType = sourcecode.swift; path = ItemCell.swift; sourceTree = "<group>"; };
		4E6D90042A9D082A0008DD8A /* MainPageService.swift */ = {isa = PBXFileReference; lastKnownFileType = sourcecode.swift; path = MainPageService.swift; sourceTree = "<group>"; };
		4E6D90082A9D1C530008DD8A /* MainPageViewController.swift */ = {isa = PBXFileReference; lastKnownFileType = sourcecode.swift; path = MainPageViewController.swift; sourceTree = "<group>"; };
		4E6D900A2A9D1F320008DD8A /* ReuseIdetifier.swift */ = {isa = PBXFileReference; lastKnownFileType = sourcecode.swift; path = ReuseIdetifier.swift; sourceTree = "<group>"; };
		4E6D900C2A9D22180008DD8A /* UICollectionView+.swift */ = {isa = PBXFileReference; lastKnownFileType = sourcecode.swift; path = "UICollectionView+.swift"; sourceTree = "<group>"; };
		4E6D90152A9E4F8A0008DD8A /* ItemDetailsFetcherService.swift */ = {isa = PBXFileReference; lastKnownFileType = sourcecode.swift; path = ItemDetailsFetcherService.swift; sourceTree = "<group>"; };
		4E6D90172A9E52550008DD8A /* ItemDetailsViewController.swift */ = {isa = PBXFileReference; lastKnownFileType = sourcecode.swift; path = ItemDetailsViewController.swift; sourceTree = "<group>"; };
		4E6D90192A9E577F0008DD8A /* ItemDetailsRootView.swift */ = {isa = PBXFileReference; lastKnownFileType = sourcecode.swift; path = ItemDetailsRootView.swift; sourceTree = "<group>"; };
		4E6D901C2A9E5A360008DD8A /* ItemDetailsScrollView.swift */ = {isa = PBXFileReference; lastKnownFileType = sourcecode.swift; path = ItemDetailsScrollView.swift; sourceTree = "<group>"; };
		4E6D901E2A9E5B1F0008DD8A /* UILabelFactory.swift */ = {isa = PBXFileReference; lastKnownFileType = sourcecode.swift; path = UILabelFactory.swift; sourceTree = "<group>"; };
		4E6D90222A9E68980008DD8A /* UIView+.swift */ = {isa = PBXFileReference; lastKnownFileType = sourcecode.swift; path = "UIView+.swift"; sourceTree = "<group>"; };
		4E6D90242A9F590E0008DD8A /* String+.swift */ = {isa = PBXFileReference; lastKnownFileType = sourcecode.swift; path = "String+.swift"; sourceTree = "<group>"; };
		4E6D90282A9F60960008DD8A /* TitleAndBodyViewContainer.swift */ = {isa = PBXFileReference; lastKnownFileType = sourcecode.swift; path = TitleAndBodyViewContainer.swift; sourceTree = "<group>"; };
/* End PBXFileReference section */

/* Begin PBXFrameworksBuildPhase section */
		4E11C3292A97982B00E8021A /* Frameworks */ = {
			isa = PBXFrameworksBuildPhase;
			buildActionMask = 2147483647;
			files = (
			);
			runOnlyForDeploymentPostprocessing = 0;
		};
/* End PBXFrameworksBuildPhase section */

/* Begin PBXGroup section */
		4E11C3232A97982B00E8021A = {
			isa = PBXGroup;
			children = (
				4E11C32E2A97982B00E8021A /* avito_goods */,
				4E11C32D2A97982B00E8021A /* Products */,
			);
			sourceTree = "<group>";
		};
		4E11C32D2A97982B00E8021A /* Products */ = {
			isa = PBXGroup;
			children = (
				4E11C32C2A97982B00E8021A /* avito_goods.app */,
			);
			name = Products;
			sourceTree = "<group>";
		};
		4E11C32E2A97982B00E8021A /* avito_goods */ = {
			isa = PBXGroup;
			children = (
				4E5223262A9FE36600901889 /* App */,
				4E6D90012A9CE5960008DD8A /* Utils */,
				4E5223232A9FDCFF00901889 /* ReusableUI */,
				4E6D8FCD2A9A4D0E0008DD8A /* Modules */,
				4E6D8FC22A97D9F00008DD8A /* Core */,
				4E11C3432A97984900E8021A /* Supporting Files */,
			);
			path = avito_goods;
			sourceTree = "<group>";
		};
		4E11C3432A97984900E8021A /* Supporting Files */ = {
			isa = PBXGroup;
			children = (
				4E11C33D2A97982C00E8021A /* Info.plist */,
				4E11C33A2A97982C00E8021A /* LaunchScreen.storyboard */,
				4E11C3382A97982C00E8021A /* Assets.xcassets */,
			);
			path = "Supporting Files";
			sourceTree = "<group>";
		};
		4E11C3452A979AE800E8021A /* network */ = {
			isa = PBXGroup;
			children = (
				4E11C3462A979B6700E8021A /* HTTP.swift */,
				4E6D8FB62A979C290008DD8A /* NetworkManager.swift */,
				4E6D8FBC2A979FDB0008DD8A /* Network.swift */,
				4E6D8FC02A97A00E0008DD8A /* NetworkError.swift */,
			);
			path = network;
			sourceTree = "<group>";
		};
		4E5223152A9FA2C300901889 /* store */ = {
			isa = PBXGroup;
			children = (
				4E5223162A9FA2D900901889 /* AssetStore.swift */,
				4E52231F2A9FB3D200901889 /* InMemoryCache.swift */,
				4E5223212A9FD94C00901889 /* ModelStore.swift */,
			);
			path = store;
			sourceTree = "<group>";
		};
		4E5223182A9FACF900901889 /* models */ = {
			isa = PBXGroup;
			children = (
				4E5223192A9FAD0100901889 /* Asset.swift */,
			);
			path = models;
			sourceTree = "<group>";
		};
		4E5223232A9FDCFF00901889 /* ReusableUI */ = {
			isa = PBXGroup;
			children = (
				4E5223242A9FDFE200901889 /* LoaderView.swift */,
			);
			path = ReusableUI;
			sourceTree = "<group>";
		};
		4E5223262A9FE36600901889 /* App */ = {
			isa = PBXGroup;
			children = (
				4E11C32F2A97982B00E8021A /* AppDelegate.swift */,
				4E11C3312A97982B00E8021A /* SceneDelegate.swift */,
				4E5223272A9FE37C00901889 /* AppDependencyContainer.swift */,
				4E52232F2A9FF18F00901889 /* Coordinator.swift */,
			);
			path = App;
			sourceTree = "<group>";
		};
		4E6D8FC22A97D9F00008DD8A /* Core */ = {
			isa = PBXGroup;
			children = (
				4E5223182A9FACF900901889 /* models */,
				4E5223152A9FA2C300901889 /* store */,
				4E6D8FCB2A9A4C560008DD8A /* parsing */,
				4E6D8FC62A98CC240008DD8A /* requests */,
				4E11C3452A979AE800E8021A /* network */,
			);
			path = Core;
			sourceTree = "<group>";
		};
		4E6D8FC62A98CC240008DD8A /* requests */ = {
			isa = PBXGroup;
			children = (
				4E6D8FC72A98CC530008DD8A /* GoodsRequest.swift */,
				4E6D8FBE2A979FE90008DD8A /* Request.swift */,
			);
			path = requests;
			sourceTree = "<group>";
		};
		4E6D8FCB2A9A4C560008DD8A /* parsing */ = {
			isa = PBXGroup;
			children = (
				4E6D8FC42A98C3EA0008DD8A /* ResponseDataParser.swift */,
			);
			path = parsing;
			sourceTree = "<group>";
		};
		4E6D8FCD2A9A4D0E0008DD8A /* Modules */ = {
			isa = PBXGroup;
			children = (
				4E6D8FCF2A9A4D270008DD8A /* ItemDetailsPage */,
				4E6D8FCE2A9A4D160008DD8A /* MainPage */,
			);
			path = Modules;
			sourceTree = "<group>";
		};
		4E6D8FCE2A9A4D160008DD8A /* MainPage */ = {
			isa = PBXGroup;
			children = (
				4E6D8FDB2A9BBA680008DD8A /* views */,
				4E6D8FD72A9BA2130008DD8A /* services */,
				4E6D8FD02A9A4D2F0008DD8A /* model */,
				4E6D90082A9D1C530008DD8A /* MainPageViewController.swift */,
				4E5223292A9FE7F300901889 /* MainPageViewModel.swift */,
			);
			path = MainPage;
			sourceTree = "<group>";
		};
		4E6D8FCF2A9A4D270008DD8A /* ItemDetailsPage */ = {
			isa = PBXGroup;
			children = (
				4E6D901B2A9E57820008DD8A /* views */,
				4E6D90142A9E4E910008DD8A /* services */,
				4E6D8FD32A9BA0450008DD8A /* model */,
				4E6D90172A9E52550008DD8A /* ItemDetailsViewController.swift */,
				4E52232D2A9FF0EE00901889 /* ItemDetailViewModel.swift */,
			);
			path = ItemDetailsPage;
			sourceTree = "<group>";
		};
		4E6D8FD02A9A4D2F0008DD8A /* model */ = {
			isa = PBXGroup;
			children = (
				4E6D8FD12A9A4D440008DD8A /* Advertisement.swift */,
			);
			path = model;
			sourceTree = "<group>";
		};
		4E6D8FD32A9BA0450008DD8A /* model */ = {
			isa = PBXGroup;
			children = (
				4E6D8FD42A9BA0660008DD8A /* ItemDetails.swift */,
			);
			path = model;
			sourceTree = "<group>";
		};
		4E6D8FD72A9BA2130008DD8A /* services */ = {
			isa = PBXGroup;
			children = (
				4E6D8FD92A9BA24E0008DD8A /* MainPageResponse.swift */,
				4E6D90042A9D082A0008DD8A /* MainPageService.swift */,
			);
			path = services;
			sourceTree = "<group>";
		};
		4E6D8FDB2A9BBA680008DD8A /* views */ = {
			isa = PBXGroup;
			children = (
				4E6D8FDC2A9BBA740008DD8A /* cell */,
				4E5223132A9F86DA00901889 /* MainPageCollectionView.swift */,
			);
			path = views;
			sourceTree = "<group>";
		};
		4E6D8FDC2A9BBA740008DD8A /* cell */ = {
			isa = PBXGroup;
			children = (
				4E6D8FDF2A9BBAA10008DD8A /* ItemCell.swift */,
			);
			path = cell;
			sourceTree = "<group>";
		};
		4E6D90012A9CE5960008DD8A /* Utils */ = {
			isa = PBXGroup;
			children = (
				4E6D900A2A9D1F320008DD8A /* ReuseIdetifier.swift */,
				4E6D900C2A9D22180008DD8A /* UICollectionView+.swift */,
				4E6D901E2A9E5B1F0008DD8A /* UILabelFactory.swift */,
				4E6D90222A9E68980008DD8A /* UIView+.swift */,
				4E6D90242A9F590E0008DD8A /* String+.swift */,
			);
			path = Utils;
			sourceTree = "<group>";
		};
		4E6D90142A9E4E910008DD8A /* services */ = {
			isa = PBXGroup;
			children = (
				4E6D90152A9E4F8A0008DD8A /* ItemDetailsFetcherService.swift */,
			);
			path = services;
			sourceTree = "<group>";
		};
		4E6D901B2A9E57820008DD8A /* views */ = {
			isa = PBXGroup;
			children = (
				4E6D90192A9E577F0008DD8A /* ItemDetailsRootView.swift */,
				4E6D901C2A9E5A360008DD8A /* ItemDetailsScrollView.swift */,
				4E6D90282A9F60960008DD8A /* TitleAndBodyViewContainer.swift */,
			);
			path = views;
			sourceTree = "<group>";
		};
/* End PBXGroup section */

/* Begin PBXNativeTarget section */
		4E11C32B2A97982B00E8021A /* avito_goods */ = {
			isa = PBXNativeTarget;
			buildConfigurationList = 4E11C3402A97982C00E8021A /* Build configuration list for PBXNativeTarget "avito_goods" */;
			buildPhases = (
				4E11C3282A97982B00E8021A /* Sources */,
				4E11C3292A97982B00E8021A /* Frameworks */,
				4E11C32A2A97982B00E8021A /* Resources */,
			);
			buildRules = (
			);
			dependencies = (
			);
			name = avito_goods;
			productName = avito_goods;
			productReference = 4E11C32C2A97982B00E8021A /* avito_goods.app */;
			productType = "com.apple.product-type.application";
		};
/* End PBXNativeTarget section */

/* Begin PBXProject section */
		4E11C3242A97982B00E8021A /* Project object */ = {
			isa = PBXProject;
			attributes = {
				BuildIndependentTargetsInParallel = 1;
				LastSwiftUpdateCheck = 1430;
				LastUpgradeCheck = 1430;
				TargetAttributes = {
					4E11C32B2A97982B00E8021A = {
						CreatedOnToolsVersion = 14.3.1;
					};
				};
			};
			buildConfigurationList = 4E11C3272A97982B00E8021A /* Build configuration list for PBXProject "avito_goods" */;
			compatibilityVersion = "Xcode 14.0";
			developmentRegion = en;
			hasScannedForEncodings = 0;
			knownRegions = (
				en,
				Base,
			);
			mainGroup = 4E11C3232A97982B00E8021A;
			productRefGroup = 4E11C32D2A97982B00E8021A /* Products */;
			projectDirPath = "";
			projectRoot = "";
			targets = (
				4E11C32B2A97982B00E8021A /* avito_goods */,
			);
		};
/* End PBXProject section */

/* Begin PBXResourcesBuildPhase section */
		4E11C32A2A97982B00E8021A /* Resources */ = {
			isa = PBXResourcesBuildPhase;
			buildActionMask = 2147483647;
			files = (
				4E11C33C2A97982C00E8021A /* LaunchScreen.storyboard in Resources */,
				4E11C3392A97982C00E8021A /* Assets.xcassets in Resources */,
			);
			runOnlyForDeploymentPostprocessing = 0;
		};
/* End PBXResourcesBuildPhase section */

/* Begin PBXSourcesBuildPhase section */
		4E11C3282A97982B00E8021A /* Sources */ = {
			isa = PBXSourcesBuildPhase;
			buildActionMask = 2147483647;
			files = (
				4E6D8FD22A9A4D440008DD8A /* Advertisement.swift in Sources */,
				4E5223222A9FD94C00901889 /* ModelStore.swift in Sources */,
				4E6D8FC12A97A00E0008DD8A /* NetworkError.swift in Sources */,
				4E5223202A9FB3D200901889 /* InMemoryCache.swift in Sources */,
				4E6D90182A9E52550008DD8A /* ItemDetailsViewController.swift in Sources */,
				4E11C3472A979B6700E8021A /* HTTP.swift in Sources */,
				4E6D8FC52A98C3EA0008DD8A /* ResponseDataParser.swift in Sources */,
				4E52231A2A9FAD0100901889 /* Asset.swift in Sources */,
				4E6D900D2A9D22180008DD8A /* UICollectionView+.swift in Sources */,
				4E6D901F2A9E5B1F0008DD8A /* UILabelFactory.swift in Sources */,
				4E6D900B2A9D1F320008DD8A /* ReuseIdetifier.swift in Sources */,
				4E6D8FD52A9BA0660008DD8A /* ItemDetails.swift in Sources */,
				4E52232E2A9FF0EE00901889 /* ItemDetailViewModel.swift in Sources */,
				4E6D8FBD2A979FDB0008DD8A /* Network.swift in Sources */,
				4E6D8FE02A9BBAA10008DD8A /* ItemCell.swift in Sources */,
				4E6D90052A9D082A0008DD8A /* MainPageService.swift in Sources */,
				4E6D90252A9F590E0008DD8A /* String+.swift in Sources */,
				4E6D90092A9D1C530008DD8A /* MainPageViewController.swift in Sources */,
				4E6D8FC82A98CC530008DD8A /* GoodsRequest.swift in Sources */,
				4E6D8FB72A979C290008DD8A /* NetworkManager.swift in Sources */,
				4E6D90162A9E4F8A0008DD8A /* ItemDetailsFetcherService.swift in Sources */,
				4E6D901D2A9E5A360008DD8A /* ItemDetailsScrollView.swift in Sources */,
				4E6D8FDA2A9BA24E0008DD8A /* MainPageResponse.swift in Sources */,
				4E6D8FBF2A979FE90008DD8A /* Request.swift in Sources */,
				4E11C3302A97982B00E8021A /* AppDelegate.swift in Sources */,
				4E11C3322A97982B00E8021A /* SceneDelegate.swift in Sources */,
				4E5223142A9F86DA00901889 /* MainPageCollectionView.swift in Sources */,
				4E5223302A9FF18F00901889 /* Coordinator.swift in Sources */,
				4E5223282A9FE37C00901889 /* AppDependencyContainer.swift in Sources */,
				4E52232A2A9FE7F300901889 /* MainPageViewModel.swift in Sources */,
				4E6D901A2A9E577F0008DD8A /* ItemDetailsRootView.swift in Sources */,
				4E6D90232A9E68980008DD8A /* UIView+.swift in Sources */,
				4E5223172A9FA2D900901889 /* AssetStore.swift in Sources */,
				4E5223252A9FDFE200901889 /* LoaderView.swift in Sources */,
				4E6D90292A9F60960008DD8A /* TitleAndBodyViewContainer.swift in Sources */,
			);
			runOnlyForDeploymentPostprocessing = 0;
		};
/* End PBXSourcesBuildPhase section */

/* Begin PBXVariantGroup section */
		4E11C33A2A97982C00E8021A /* LaunchScreen.storyboard */ = {
			isa = PBXVariantGroup;
			children = (
				4E11C33B2A97982C00E8021A /* Base */,
			);
			name = LaunchScreen.storyboard;
			sourceTree = "<group>";
		};
/* End PBXVariantGroup section */

/* Begin XCBuildConfiguration section */
		4E11C33E2A97982C00E8021A /* Debug */ = {
			isa = XCBuildConfiguration;
			buildSettings = {
				ALWAYS_SEARCH_USER_PATHS = NO;
				CLANG_ANALYZER_NONNULL = YES;
				CLANG_ANALYZER_NUMBER_OBJECT_CONVERSION = YES_AGGRESSIVE;
				CLANG_CXX_LANGUAGE_STANDARD = "gnu++20";
				CLANG_ENABLE_MODULES = YES;
				CLANG_ENABLE_OBJC_ARC = YES;
				CLANG_ENABLE_OBJC_WEAK = YES;
				CLANG_WARN_BLOCK_CAPTURE_AUTORELEASING = YES;
				CLANG_WARN_BOOL_CONVERSION = YES;
				CLANG_WARN_COMMA = YES;
				CLANG_WARN_CONSTANT_CONVERSION = YES;
				CLANG_WARN_DEPRECATED_OBJC_IMPLEMENTATIONS = YES;
				CLANG_WARN_DIRECT_OBJC_ISA_USAGE = YES_ERROR;
				CLANG_WARN_DOCUMENTATION_COMMENTS = YES;
				CLANG_WARN_EMPTY_BODY = YES;
				CLANG_WARN_ENUM_CONVERSION = YES;
				CLANG_WARN_INFINITE_RECURSION = YES;
				CLANG_WARN_INT_CONVERSION = YES;
				CLANG_WARN_NON_LITERAL_NULL_CONVERSION = YES;
				CLANG_WARN_OBJC_IMPLICIT_RETAIN_SELF = YES;
				CLANG_WARN_OBJC_LITERAL_CONVERSION = YES;
				CLANG_WARN_OBJC_ROOT_CLASS = YES_ERROR;
				CLANG_WARN_QUOTED_INCLUDE_IN_FRAMEWORK_HEADER = YES;
				CLANG_WARN_RANGE_LOOP_ANALYSIS = YES;
				CLANG_WARN_STRICT_PROTOTYPES = YES;
				CLANG_WARN_SUSPICIOUS_MOVE = YES;
				CLANG_WARN_UNGUARDED_AVAILABILITY = YES_AGGRESSIVE;
				CLANG_WARN_UNREACHABLE_CODE = YES;
				CLANG_WARN__DUPLICATE_METHOD_MATCH = YES;
				COPY_PHASE_STRIP = NO;
				DEBUG_INFORMATION_FORMAT = dwarf;
				ENABLE_STRICT_OBJC_MSGSEND = YES;
				ENABLE_TESTABILITY = YES;
				GCC_C_LANGUAGE_STANDARD = gnu11;
				GCC_DYNAMIC_NO_PIC = NO;
				GCC_NO_COMMON_BLOCKS = YES;
				GCC_OPTIMIZATION_LEVEL = 0;
				GCC_PREPROCESSOR_DEFINITIONS = (
					"DEBUG=1",
					"$(inherited)",
				);
				GCC_WARN_64_TO_32_BIT_CONVERSION = YES;
				GCC_WARN_ABOUT_RETURN_TYPE = YES_ERROR;
				GCC_WARN_UNDECLARED_SELECTOR = YES;
				GCC_WARN_UNINITIALIZED_AUTOS = YES_AGGRESSIVE;
				GCC_WARN_UNUSED_FUNCTION = YES;
				GCC_WARN_UNUSED_VARIABLE = YES;
				IPHONEOS_DEPLOYMENT_TARGET = 16.4;
				MTL_ENABLE_DEBUG_INFO = INCLUDE_SOURCE;
				MTL_FAST_MATH = YES;
				ONLY_ACTIVE_ARCH = YES;
				SDKROOT = iphoneos;
				SWIFT_ACTIVE_COMPILATION_CONDITIONS = DEBUG;
				SWIFT_OPTIMIZATION_LEVEL = "-Onone";
			};
			name = Debug;
		};
		4E11C33F2A97982C00E8021A /* Release */ = {
			isa = XCBuildConfiguration;
			buildSettings = {
				ALWAYS_SEARCH_USER_PATHS = NO;
				CLANG_ANALYZER_NONNULL = YES;
				CLANG_ANALYZER_NUMBER_OBJECT_CONVERSION = YES_AGGRESSIVE;
				CLANG_CXX_LANGUAGE_STANDARD = "gnu++20";
				CLANG_ENABLE_MODULES = YES;
				CLANG_ENABLE_OBJC_ARC = YES;
				CLANG_ENABLE_OBJC_WEAK = YES;
				CLANG_WARN_BLOCK_CAPTURE_AUTORELEASING = YES;
				CLANG_WARN_BOOL_CONVERSION = YES;
				CLANG_WARN_COMMA = YES;
				CLANG_WARN_CONSTANT_CONVERSION = YES;
				CLANG_WARN_DEPRECATED_OBJC_IMPLEMENTATIONS = YES;
				CLANG_WARN_DIRECT_OBJC_ISA_USAGE = YES_ERROR;
				CLANG_WARN_DOCUMENTATION_COMMENTS = YES;
				CLANG_WARN_EMPTY_BODY = YES;
				CLANG_WARN_ENUM_CONVERSION = YES;
				CLANG_WARN_INFINITE_RECURSION = YES;
				CLANG_WARN_INT_CONVERSION = YES;
				CLANG_WARN_NON_LITERAL_NULL_CONVERSION = YES;
				CLANG_WARN_OBJC_IMPLICIT_RETAIN_SELF = YES;
				CLANG_WARN_OBJC_LITERAL_CONVERSION = YES;
				CLANG_WARN_OBJC_ROOT_CLASS = YES_ERROR;
				CLANG_WARN_QUOTED_INCLUDE_IN_FRAMEWORK_HEADER = YES;
				CLANG_WARN_RANGE_LOOP_ANALYSIS = YES;
				CLANG_WARN_STRICT_PROTOTYPES = YES;
				CLANG_WARN_SUSPICIOUS_MOVE = YES;
				CLANG_WARN_UNGUARDED_AVAILABILITY = YES_AGGRESSIVE;
				CLANG_WARN_UNREACHABLE_CODE = YES;
				CLANG_WARN__DUPLICATE_METHOD_MATCH = YES;
				COPY_PHASE_STRIP = NO;
				DEBUG_INFORMATION_FORMAT = "dwarf-with-dsym";
				ENABLE_NS_ASSERTIONS = NO;
				ENABLE_STRICT_OBJC_MSGSEND = YES;
				GCC_C_LANGUAGE_STANDARD = gnu11;
				GCC_NO_COMMON_BLOCKS = YES;
				GCC_WARN_64_TO_32_BIT_CONVERSION = YES;
				GCC_WARN_ABOUT_RETURN_TYPE = YES_ERROR;
				GCC_WARN_UNDECLARED_SELECTOR = YES;
				GCC_WARN_UNINITIALIZED_AUTOS = YES_AGGRESSIVE;
				GCC_WARN_UNUSED_FUNCTION = YES;
				GCC_WARN_UNUSED_VARIABLE = YES;
				IPHONEOS_DEPLOYMENT_TARGET = 16.4;
				MTL_ENABLE_DEBUG_INFO = NO;
				MTL_FAST_MATH = YES;
				SDKROOT = iphoneos;
				SWIFT_COMPILATION_MODE = wholemodule;
				SWIFT_OPTIMIZATION_LEVEL = "-O";
				VALIDATE_PRODUCT = YES;
			};
			name = Release;
		};
		4E11C3412A97982C00E8021A /* Debug */ = {
			isa = XCBuildConfiguration;
			buildSettings = {
				ASSETCATALOG_COMPILER_APPICON_NAME = AppIcon;
				ASSETCATALOG_COMPILER_GLOBAL_ACCENT_COLOR_NAME = AccentColor;
				CODE_SIGN_STYLE = Automatic;
				CURRENT_PROJECT_VERSION = 1;
				DEVELOPMENT_TEAM = 7ZMTVQN9A8;
				GENERATE_INFOPLIST_FILE = YES;
				INFOPLIST_FILE = "avito_goods/Supporting Files/Info.plist";
				INFOPLIST_KEY_UIApplicationSupportsIndirectInputEvents = YES;
				INFOPLIST_KEY_UILaunchStoryboardName = LaunchScreen;
				INFOPLIST_KEY_UISupportedInterfaceOrientations = UIInterfaceOrientationPortrait;
				INFOPLIST_KEY_UISupportedInterfaceOrientations_iPad = "UIInterfaceOrientationLandscapeLeft UIInterfaceOrientationLandscapeRight UIInterfaceOrientationPortrait UIInterfaceOrientationPortraitUpsideDown";
				LD_RUNPATH_SEARCH_PATHS = (
					"$(inherited)",
					"@executable_path/Frameworks",
				);
				MARKETING_VERSION = 1.0;
				PRODUCT_BUNDLE_IDENTIFIER = "com.maximivanov.avito-goods";
				PRODUCT_NAME = "$(TARGET_NAME)";
				SWIFT_EMIT_LOC_STRINGS = YES;
				SWIFT_VERSION = 5.0;
				TARGETED_DEVICE_FAMILY = "1,2";
			};
			name = Debug;
		};
		4E11C3422A97982C00E8021A /* Release */ = {
			isa = XCBuildConfiguration;
			buildSettings = {
				ASSETCATALOG_COMPILER_APPICON_NAME = AppIcon;
				ASSETCATALOG_COMPILER_GLOBAL_ACCENT_COLOR_NAME = AccentColor;
				CODE_SIGN_STYLE = Automatic;
				CURRENT_PROJECT_VERSION = 1;
				DEVELOPMENT_TEAM = 7ZMTVQN9A8;
				GENERATE_INFOPLIST_FILE = YES;
				INFOPLIST_FILE = "avito_goods/Supporting Files/Info.plist";
				INFOPLIST_KEY_UIApplicationSupportsIndirectInputEvents = YES;
				INFOPLIST_KEY_UILaunchStoryboardName = LaunchScreen;
				INFOPLIST_KEY_UISupportedInterfaceOrientations = UIInterfaceOrientationPortrait;
				INFOPLIST_KEY_UISupportedInterfaceOrientations_iPad = "UIInterfaceOrientationLandscapeLeft UIInterfaceOrientationLandscapeRight UIInterfaceOrientationPortrait UIInterfaceOrientationPortraitUpsideDown";
				LD_RUNPATH_SEARCH_PATHS = (
					"$(inherited)",
					"@executable_path/Frameworks",
				);
				MARKETING_VERSION = 1.0;
				PRODUCT_BUNDLE_IDENTIFIER = "com.maximivanov.avito-goods";
				PRODUCT_NAME = "$(TARGET_NAME)";
				SWIFT_EMIT_LOC_STRINGS = YES;
				SWIFT_VERSION = 5.0;
				TARGETED_DEVICE_FAMILY = "1,2";
			};
			name = Release;
		};
/* End XCBuildConfiguration section */

/* Begin XCConfigurationList section */
		4E11C3272A97982B00E8021A /* Build configuration list for PBXProject "avito_goods" */ = {
			isa = XCConfigurationList;
			buildConfigurations = (
				4E11C33E2A97982C00E8021A /* Debug */,
				4E11C33F2A97982C00E8021A /* Release */,
			);
			defaultConfigurationIsVisible = 0;
			defaultConfigurationName = Release;
		};
		4E11C3402A97982C00E8021A /* Build configuration list for PBXNativeTarget "avito_goods" */ = {
			isa = XCConfigurationList;
			buildConfigurations = (
				4E11C3412A97982C00E8021A /* Debug */,
				4E11C3422A97982C00E8021A /* Release */,
			);
			defaultConfigurationIsVisible = 0;
			defaultConfigurationName = Release;
		};
/* End XCConfigurationList section */
	};
	rootObject = 4E11C3242A97982B00E8021A /* Project object */;
}
